
Microsoft Visual Studio Solution File, Format Version 12.00
# Visual Studio Version 16
VisualStudioVersion = 16.0.32929.386
MinimumVisualStudioVersion = 10.0.40219.1
Project("{FAE04EC0-301F-11D3-BF4B-00C04F79EFBC}") = "Task1", "Task1\Task1.csproj", "{B6E47488-62CA-4986-898E-53BD972501F8}"
EndProject
Global
	GlobalSection(SolutionConfigurationPlatforms) = preSolution
		Debug|Any CPU = Debug|Any CPU
		Release|Any CPU = Release|Any CPU
	EndGlobalSection
	GlobalSection(ProjectConfigurationPlatforms) = postSolution
		{B6E47488-62CA-4986-898E-53BD972501F8}.Debug|Any CPU.ActiveCfg = Debug|Any CPU
		{B6E47488-62CA-4986-898E-53BD972501F8}.Debug|Any CPU.Build.0 = Debug|Any CPU
		{B6E47488-62CA-4986-898E-53BD972501F8}.Release|Any CPU.ActiveCfg = Release|Any CPU
		{B6E47488-62CA-4986-898E-53BD972501F8}.Release|Any CPU.Build.0 = Release|Any CPU
	EndGlobalSection
	GlobalSection(SolutionProperties) = preSolution
		HideSolutionNode = FALSE
	EndGlobalSection
	GlobalSection(ExtensibilityGlobals) = postSolution
		SolutionGuid = {C78EAC4A-BCE3-4277-A821-61FDE943CE09}
	EndGlobalSection
EndGlobal
